
Microsoft Visual Studio Solution File, Format Version 12.00
# Visual Studio 15
VisualStudioVersion = 15.0.28307.705
MinimumVisualStudioVersion = 10.0.40219.1
Project("{FAE04EC0-301F-11D3-BF4B-00C04F79EFBC}") = "HwFactoryMethod", "HwFactoryMethod\HwFactoryMethod.csproj", "{192815C6-30EE-49E0-AA80-00C54B29452A}"
EndProject
Global
	GlobalSection(SolutionConfigurationPlatforms) = preSolution
		Debug|Any CPU = Debug|Any CPU
		Release|Any CPU = Release|Any CPU
	EndGlobalSection
	GlobalSection(ProjectConfigurationPlatforms) = postSolution
		{192815C6-30EE-49E0-AA80-00C54B29452A}.Debug|Any CPU.ActiveCfg = Debug|Any CPU
		{192815C6-30EE-49E0-AA80-00C54B29452A}.Debug|Any CPU.Build.0 = Debug|Any CPU
		{192815C6-30EE-49E0-AA80-00C54B29452A}.Release|Any CPU.ActiveCfg = Release|Any CPU
		{192815C6-30EE-49E0-AA80-00C54B29452A}.Release|Any CPU.Build.0 = Release|Any CPU
	EndGlobalSection
	GlobalSection(SolutionProperties) = preSolution
		HideSolutionNode = FALSE
	EndGlobalSection
	GlobalSection(ExtensibilityGlobals) = postSolution
		SolutionGuid = {590EE79E-7DF3-4EEB-83DF-98E56435DBB8}
	EndGlobalSection
EndGlobal
